
Microsoft Visual Studio Solution File, Format Version 12.00
# Visual Studio Version 16
VisualStudioVersion = 16.0.30804.86
MinimumVisualStudioVersion = 10.0.40219.1
Project("{FAE04EC0-301F-11D3-BF4B-00C04F79EFBC}") = "App.Web", "App.Web\App.Web.csproj", "{522B6CEF-6B89-46EB-AB50-D4F2F441C1B9}"
EndProject
Project("{FAE04EC0-301F-11D3-BF4B-00C04F79EFBC}") = "App.DataLayer", "App.DataLayer\App.DataLayer.csproj", "{1F573515-BAD0-4658-BD33-865C2515166B}"
EndProject
Project("{FAE04EC0-301F-11D3-BF4B-00C04F79EFBC}") = "App.Service", "App.Service\App.Service.csproj", "{72E135C5-721A-47BF-AA55-607F1A571AA5}"
EndProject
Global
	GlobalSection(SolutionConfigurationPlatforms) = preSolution
		Debug|Any CPU = Debug|Any CPU
		Release|Any CPU = Release|Any CPU
	EndGlobalSection
	GlobalSection(ProjectConfigurationPlatforms) = postSolution
		{522B6CEF-6B89-46EB-AB50-D4F2F441C1B9}.Debug|Any CPU.ActiveCfg = Debug|Any CPU
		{522B6CEF-6B89-46EB-AB50-D4F2F441C1B9}.Debug|Any CPU.Build.0 = Debug|Any CPU
		{522B6CEF-6B89-46EB-AB50-D4F2F441C1B9}.Release|Any CPU.ActiveCfg = Release|Any CPU
		{522B6CEF-6B89-46EB-AB50-D4F2F441C1B9}.Release|Any CPU.Build.0 = Release|Any CPU
		{1F573515-BAD0-4658-BD33-865C2515166B}.Debug|Any CPU.ActiveCfg = Debug|Any CPU
		{1F573515-BAD0-4658-BD33-865C2515166B}.Debug|Any CPU.Build.0 = Debug|Any CPU
		{1F573515-BAD0-4658-BD33-865C2515166B}.Release|Any CPU.ActiveCfg = Release|Any CPU
		{1F573515-BAD0-4658-BD33-865C2515166B}.Release|Any CPU.Build.0 = Release|Any CPU
		{72E135C5-721A-47BF-AA55-607F1A571AA5}.Debug|Any CPU.ActiveCfg = Debug|Any CPU
		{72E135C5-721A-47BF-AA55-607F1A571AA5}.Debug|Any CPU.Build.0 = Debug|Any CPU
		{72E135C5-721A-47BF-AA55-607F1A571AA5}.Release|Any CPU.ActiveCfg = Release|Any CPU
		{72E135C5-721A-47BF-AA55-607F1A571AA5}.Release|Any CPU.Build.0 = Release|Any CPU
	EndGlobalSection
	GlobalSection(SolutionProperties) = preSolution
		HideSolutionNode = FALSE
	EndGlobalSection
	GlobalSection(ExtensibilityGlobals) = postSolution
		SolutionGuid = {535AB694-B8BC-43D9-AD46-ED310607F866}
	EndGlobalSection
EndGlobal
